
Microsoft Visual Studio Solution File, Format Version 12.00
# Visual Studio Version 17
VisualStudioVersion = 17.0.31903.59
MinimumVisualStudioVersion = 10.0.40219.1
Project("{2150E333-8FDC-42A3-9474-1A3956D46DE8}") = "src", "src", "{8FAA1E0E-4C75-41DD-B1CF-5AE4D16DC1A5}"
EndProject
Project("{FAE04EC0-301F-11D3-BF4B-00C04F79EFBC}") = "Sim", "src\Sim\Sim.csproj", "{033527E8-C699-47EF-8195-F8EB8AA07D88}"
EndProject
Project("{FAE04EC0-301F-11D3-BF4B-00C04F79EFBC}") = "Viewer", "src\Viewer\Viewer.csproj", "{65E61A8D-821E-4DF5-8A2D-5765A69D853D}"
EndProject
Global
	GlobalSection(SolutionConfigurationPlatforms) = preSolution
		Debug|Any CPU = Debug|Any CPU
		Release|Any CPU = Release|Any CPU
	EndGlobalSection
	GlobalSection(SolutionProperties) = preSolution
		HideSolutionNode = FALSE
	EndGlobalSection
	GlobalSection(ProjectConfigurationPlatforms) = postSolution
		{033527E8-C699-47EF-8195-F8EB8AA07D88}.Debug|Any CPU.ActiveCfg = Debug|Any CPU
		{033527E8-C699-47EF-8195-F8EB8AA07D88}.Debug|Any CPU.Build.0 = Debug|Any CPU
		{033527E8-C699-47EF-8195-F8EB8AA07D88}.Release|Any CPU.ActiveCfg = Release|Any CPU
		{033527E8-C699-47EF-8195-F8EB8AA07D88}.Release|Any CPU.Build.0 = Release|Any CPU
		{65E61A8D-821E-4DF5-8A2D-5765A69D853D}.Debug|Any CPU.ActiveCfg = Debug|Any CPU
		{65E61A8D-821E-4DF5-8A2D-5765A69D853D}.Debug|Any CPU.Build.0 = Debug|Any CPU
		{65E61A8D-821E-4DF5-8A2D-5765A69D853D}.Release|Any CPU.ActiveCfg = Release|Any CPU
		{65E61A8D-821E-4DF5-8A2D-5765A69D853D}.Release|Any CPU.Build.0 = Release|Any CPU
	EndGlobalSection
	GlobalSection(NestedProjects) = preSolution
		{033527E8-C699-47EF-8195-F8EB8AA07D88} = {8FAA1E0E-4C75-41DD-B1CF-5AE4D16DC1A5}
		{65E61A8D-821E-4DF5-8A2D-5765A69D853D} = {8FAA1E0E-4C75-41DD-B1CF-5AE4D16DC1A5}
	EndGlobalSection
EndGlobal
